// !$*UTF8*$!
{
	archiveVersion = 1;
	classes = {
	};
	objectVersion = 50;
	objects = {

/* Begin PBXBuildFile section */
		DA3FF26722DFEDA3001FA485 /* main.cpp in Sources */ = {isa = PBXBuildFile; fileRef = DA3FF26622DFEDA3001FA485 /* main.cpp */; };
		DA8A194222FE56170005ACA3 /* State_Alert.cpp in Sources */ = {isa = PBXBuildFile; fileRef = DA8A194022FE56170005ACA3 /* State_Alert.cpp */; };
		DA8A194522FE564C0005ACA3 /* State_Instructions.cpp in Sources */ = {isa = PBXBuildFile; fileRef = DA8A194322FE564C0005ACA3 /* State_Instructions.cpp */; };
		DADC8D8622F913A800CC4CCD /* DIYACMenu.cpp in Sources */ = {isa = PBXBuildFile; fileRef = DADC8D7C22F913A800CC4CCD /* DIYACMenu.cpp */; };
		DADC8D8722F913A800CC4CCD /* Window.cpp in Sources */ = {isa = PBXBuildFile; fileRef = DADC8D7D22F913A800CC4CCD /* Window.cpp */; };
		DADC8D8822F913A800CC4CCD /* StateMachine.cpp in Sources */ = {isa = PBXBuildFile; fileRef = DADC8D7E22F913A800CC4CCD /* StateMachine.cpp */; };
		DADC8D8922F913A800CC4CCD /* EventManager.cpp in Sources */ = {isa = PBXBuildFile; fileRef = DADC8D8022F913A800CC4CCD /* EventManager.cpp */; };
		DADC8D8A22F913A800CC4CCD /* AssetManager.cpp in Sources */ = {isa = PBXBuildFile; fileRef = DADC8D8522F913A800CC4CCD /* AssetManager.cpp */; };
		DADC8D8E22F9147E00CC4CCD /* EntityManager.cpp in Sources */ = {isa = PBXBuildFile; fileRef = DADC8D8C22F9147E00CC4CCD /* EntityManager.cpp */; };
		DADC8D9522F9150600CC4CCD /* libsfml-system.2.5.1.dylib in Frameworks */ = {isa = PBXBuildFile; fileRef = DADC8D9022F9150600CC4CCD /* libsfml-system.2.5.1.dylib */; };
		DADC8D9622F9150600CC4CCD /* libsfml-window.2.5.1.dylib in Frameworks */ = {isa = PBXBuildFile; fileRef = DADC8D9122F9150600CC4CCD /* libsfml-window.2.5.1.dylib */; };
		DADC8D9722F9150600CC4CCD /* libsfml-audio.2.5.1.dylib in Frameworks */ = {isa = PBXBuildFile; fileRef = DADC8D9222F9150600CC4CCD /* libsfml-audio.2.5.1.dylib */; };
		DADC8D9822F9150600CC4CCD /* libsfml-graphics.2.5.1.dylib in Frameworks */ = {isa = PBXBuildFile; fileRef = DADC8D9322F9150600CC4CCD /* libsfml-graphics.2.5.1.dylib */; };
		DADC8D9922F9150600CC4CCD /* libsfml-network.2.5.1.dylib in Frameworks */ = {isa = PBXBuildFile; fileRef = DADC8D9422F9150600CC4CCD /* libsfml-network.2.5.1.dylib */; };
		DADC8D9D22FA616500CC4CCD /* State_DIYACMenu.cpp in Sources */ = {isa = PBXBuildFile; fileRef = DADC8D9B22FA616500CC4CCD /* State_DIYACMenu.cpp */; };
/* End PBXBuildFile section */

/* Begin PBXCopyFilesBuildPhase section */
		DA3FF26122DFEDA3001FA485 /* CopyFiles */ = {
			isa = PBXCopyFilesBuildPhase;
			buildActionMask = 2147483647;
			dstPath = /usr/share/man/man1/;
			dstSubfolderSpec = 0;
			files = (
			);
			runOnlyForDeploymentPostprocessing = 1;
		};
/* End PBXCopyFilesBuildPhase section */

/* Begin PBXFileReference section */
		DA3FF26322DFEDA3001FA485 /* menu */ = {isa = PBXFileReference; explicitFileType = "compiled.mach-o.executable"; includeInIndex = 0; path = menu; sourceTree = BUILT_PRODUCTS_DIR; };
		DA3FF26622DFEDA3001FA485 /* main.cpp */ = {isa = PBXFileReference; lastKnownFileType = sourcecode.cpp.cpp; path = main.cpp; sourceTree = "<group>"; };
		DA3FF26D22DFEE35001FA485 /* CMakeLists.txt */ = {isa = PBXFileReference; lastKnownFileType = text; path = CMakeLists.txt; sourceTree = "<group>"; };
		DA8A194022FE56170005ACA3 /* State_Alert.cpp */ = {isa = PBXFileReference; lastKnownFileType = sourcecode.cpp.cpp; path = State_Alert.cpp; sourceTree = "<group>"; };
		DA8A194122FE56170005ACA3 /* State_Alert.hpp */ = {isa = PBXFileReference; lastKnownFileType = sourcecode.cpp.h; path = State_Alert.hpp; sourceTree = "<group>"; };
		DA8A194322FE564C0005ACA3 /* State_Instructions.cpp */ = {isa = PBXFileReference; lastKnownFileType = sourcecode.cpp.cpp; path = State_Instructions.cpp; sourceTree = "<group>"; };
		DA8A194422FE564C0005ACA3 /* State_Instructions.hpp */ = {isa = PBXFileReference; lastKnownFileType = sourcecode.cpp.h; path = State_Instructions.hpp; sourceTree = "<group>"; };
		DAB1CAFB22FC7B9E00DA1000 /* assets */ = {isa = PBXFileReference; lastKnownFileType = folder; path = assets; sourceTree = "<group>"; };
		DADC8D7C22F913A800CC4CCD /* DIYACMenu.cpp */ = {isa = PBXFileReference; fileEncoding = 4; lastKnownFileType = sourcecode.cpp.cpp; path = DIYACMenu.cpp; sourceTree = "<group>"; };
		DADC8D7D22F913A800CC4CCD /* Window.cpp */ = {isa = PBXFileReference; fileEncoding = 4; lastKnownFileType = sourcecode.cpp.cpp; path = Window.cpp; sourceTree = "<group>"; };
		DADC8D7E22F913A800CC4CCD /* StateMachine.cpp */ = {isa = PBXFileReference; fileEncoding = 4; lastKnownFileType = sourcecode.cpp.cpp; path = StateMachine.cpp; sourceTree = "<group>"; };
		DADC8D7F22F913A800CC4CCD /* EventManager.hpp */ = {isa = PBXFileReference; fileEncoding = 4; lastKnownFileType = sourcecode.cpp.h; path = EventManager.hpp; sourceTree = "<group>"; };
		DADC8D8022F913A800CC4CCD /* EventManager.cpp */ = {isa = PBXFileReference; fileEncoding = 4; lastKnownFileType = sourcecode.cpp.cpp; path = EventManager.cpp; sourceTree = "<group>"; };
		DADC8D8122F913A800CC4CCD /* DIYACMenu.hpp */ = {isa = PBXFileReference; fileEncoding = 4; lastKnownFileType = sourcecode.cpp.h; path = DIYACMenu.hpp; sourceTree = "<group>"; };
		DADC8D8222F913A800CC4CCD /* StateMachine.hpp */ = {isa = PBXFileReference; fileEncoding = 4; lastKnownFileType = sourcecode.cpp.h; path = StateMachine.hpp; sourceTree = "<group>"; };
		DADC8D8322F913A800CC4CCD /* AssetManager.hpp */ = {isa = PBXFileReference; fileEncoding = 4; lastKnownFileType = sourcecode.cpp.h; path = AssetManager.hpp; sourceTree = "<group>"; };
		DADC8D8422F913A800CC4CCD /* Window.hpp */ = {isa = PBXFileReference; fileEncoding = 4; lastKnownFileType = sourcecode.cpp.h; path = Window.hpp; sourceTree = "<group>"; };
		DADC8D8522F913A800CC4CCD /* AssetManager.cpp */ = {isa = PBXFileReference; fileEncoding = 4; lastKnownFileType = sourcecode.cpp.cpp; path = AssetManager.cpp; sourceTree = "<group>"; };
		DADC8D8B22F913C100CC4CCD /* SharedContext.hpp */ = {isa = PBXFileReference; fileEncoding = 4; lastKnownFileType = sourcecode.cpp.h; path = SharedContext.hpp; sourceTree = "<group>"; };
		DADC8D8C22F9147E00CC4CCD /* EntityManager.cpp */ = {isa = PBXFileReference; lastKnownFileType = sourcecode.cpp.cpp; path = EntityManager.cpp; sourceTree = "<group>"; };
		DADC8D8D22F9147E00CC4CCD /* EntityManager.hpp */ = {isa = PBXFileReference; lastKnownFileType = sourcecode.cpp.h; path = EntityManager.hpp; sourceTree = "<group>"; };
		DADC8D9022F9150600CC4CCD /* libsfml-system.2.5.1.dylib */ = {isa = PBXFileReference; lastKnownFileType = "compiled.mach-o.dylib"; name = "libsfml-system.2.5.1.dylib"; path = "../../../../../usr/local/Cellar/sfml/2.5.1/lib/libsfml-system.2.5.1.dylib"; sourceTree = "<group>"; };
		DADC8D9122F9150600CC4CCD /* libsfml-window.2.5.1.dylib */ = {isa = PBXFileReference; lastKnownFileType = "compiled.mach-o.dylib"; name = "libsfml-window.2.5.1.dylib"; path = "../../../../../usr/local/Cellar/sfml/2.5.1/lib/libsfml-window.2.5.1.dylib"; sourceTree = "<group>"; };
		DADC8D9222F9150600CC4CCD /* libsfml-audio.2.5.1.dylib */ = {isa = PBXFileReference; lastKnownFileType = "compiled.mach-o.dylib"; name = "libsfml-audio.2.5.1.dylib"; path = "../../../../../usr/local/Cellar/sfml/2.5.1/lib/libsfml-audio.2.5.1.dylib"; sourceTree = "<group>"; };
		DADC8D9322F9150600CC4CCD /* libsfml-graphics.2.5.1.dylib */ = {isa = PBXFileReference; lastKnownFileType = "compiled.mach-o.dylib"; name = "libsfml-graphics.2.5.1.dylib"; path = "../../../../../usr/local/Cellar/sfml/2.5.1/lib/libsfml-graphics.2.5.1.dylib"; sourceTree = "<group>"; };
		DADC8D9422F9150600CC4CCD /* libsfml-network.2.5.1.dylib */ = {isa = PBXFileReference; lastKnownFileType = "compiled.mach-o.dylib"; name = "libsfml-network.2.5.1.dylib"; path = "../../../../../usr/local/Cellar/sfml/2.5.1/lib/libsfml-network.2.5.1.dylib"; sourceTree = "<group>"; };
		DADC8D9A22FA614000CC4CCD /* State_Base.hpp */ = {isa = PBXFileReference; lastKnownFileType = sourcecode.cpp.h; path = State_Base.hpp; sourceTree = "<group>"; };
		DADC8D9B22FA616500CC4CCD /* State_DIYACMenu.cpp */ = {isa = PBXFileReference; lastKnownFileType = sourcecode.cpp.cpp; path = State_DIYACMenu.cpp; sourceTree = "<group>"; };
		DADC8D9C22FA616500CC4CCD /* State_DIYACMenu.hpp */ = {isa = PBXFileReference; lastKnownFileType = sourcecode.cpp.h; path = State_DIYACMenu.hpp; sourceTree = "<group>"; };
/* End PBXFileReference section */

/* Begin PBXFrameworksBuildPhase section */
		DA3FF26022DFEDA3001FA485 /* Frameworks */ = {
			isa = PBXFrameworksBuildPhase;
			buildActionMask = 2147483647;
			files = (
				DADC8D9522F9150600CC4CCD /* libsfml-system.2.5.1.dylib in Frameworks */,
				DADC8D9622F9150600CC4CCD /* libsfml-window.2.5.1.dylib in Frameworks */,
				DADC8D9722F9150600CC4CCD /* libsfml-audio.2.5.1.dylib in Frameworks */,
				DADC8D9822F9150600CC4CCD /* libsfml-graphics.2.5.1.dylib in Frameworks */,
				DADC8D9922F9150600CC4CCD /* libsfml-network.2.5.1.dylib in Frameworks */,
			);
			runOnlyForDeploymentPostprocessing = 0;
		};
/* End PBXFrameworksBuildPhase section */

/* Begin PBXGroup section */
		DA3FF25A22DFEDA3001FA485 = {
			isa = PBXGroup;
			children = (
				DA3FF26522DFEDA3001FA485 /* menu */,
				DA3FF26422DFEDA3001FA485 /* Products */,
				DADC8D8F22F9150600CC4CCD /* Frameworks */,
			);
			sourceTree = "<group>";
		};
		DA3FF26422DFEDA3001FA485 /* Products */ = {
			isa = PBXGroup;
			children = (
				DA3FF26322DFEDA3001FA485 /* menu */,
			);
			name = Products;
			sourceTree = "<group>";
		};
		DA3FF26522DFEDA3001FA485 /* menu */ = {
			isa = PBXGroup;
			children = (
				DAB1CAFB22FC7B9E00DA1000 /* assets */,
				DADC8D8522F913A800CC4CCD /* AssetManager.cpp */,
				DADC8D8322F913A800CC4CCD /* AssetManager.hpp */,
				DA3FF26D22DFEE35001FA485 /* CMakeLists.txt */,
				DADC8D7C22F913A800CC4CCD /* DIYACMenu.cpp */,
				DADC8D8122F913A800CC4CCD /* DIYACMenu.hpp */,
				DADC8D8C22F9147E00CC4CCD /* EntityManager.cpp */,
				DADC8D8D22F9147E00CC4CCD /* EntityManager.hpp */,
				DADC8D8022F913A800CC4CCD /* EventManager.cpp */,
				DADC8D7F22F913A800CC4CCD /* EventManager.hpp */,
				DA3FF26622DFEDA3001FA485 /* main.cpp */,
				DADC8D8B22F913C100CC4CCD /* SharedContext.hpp */,
				DADC8D9A22FA614000CC4CCD /* State_Base.hpp */,
				DADC8D9B22FA616500CC4CCD /* State_DIYACMenu.cpp */,
				DADC8D9C22FA616500CC4CCD /* State_DIYACMenu.hpp */,
				DADC8D7E22F913A800CC4CCD /* StateMachine.cpp */,
				DADC8D8222F913A800CC4CCD /* StateMachine.hpp */,
				DADC8D7D22F913A800CC4CCD /* Window.cpp */,
				DADC8D8422F913A800CC4CCD /* Window.hpp */,
				DA8A194022FE56170005ACA3 /* State_Alert.cpp */,
				DA8A194122FE56170005ACA3 /* State_Alert.hpp */,
				DA8A194322FE564C0005ACA3 /* State_Instructions.cpp */,
				DA8A194422FE564C0005ACA3 /* State_Instructions.hpp */,
			);
			path = menu;
			sourceTree = "<group>";
		};
		DADC8D8F22F9150600CC4CCD /* Frameworks */ = {
			isa = PBXGroup;
			children = (
				DADC8D9222F9150600CC4CCD /* libsfml-audio.2.5.1.dylib */,
				DADC8D9322F9150600CC4CCD /* libsfml-graphics.2.5.1.dylib */,
				DADC8D9422F9150600CC4CCD /* libsfml-network.2.5.1.dylib */,
				DADC8D9022F9150600CC4CCD /* libsfml-system.2.5.1.dylib */,
				DADC8D9122F9150600CC4CCD /* libsfml-window.2.5.1.dylib */,
			);
			name = Frameworks;
			sourceTree = "<group>";
		};
/* End PBXGroup section */

/* Begin PBXNativeTarget section */
		DA3FF26222DFEDA3001FA485 /* menu */ = {
			isa = PBXNativeTarget;
			buildConfigurationList = DA3FF26A22DFEDA3001FA485 /* Build configuration list for PBXNativeTarget "menu" */;
			buildPhases = (
				DA3FF25F22DFEDA3001FA485 /* Sources */,
				DA3FF26022DFEDA3001FA485 /* Frameworks */,
				DA3FF26122DFEDA3001FA485 /* CopyFiles */,
			);
			buildRules = (
			);
			dependencies = (
			);
			name = menu;
			productName = menu;
			productReference = DA3FF26322DFEDA3001FA485 /* menu */;
			productType = "com.apple.product-type.tool";
		};
/* End PBXNativeTarget section */

/* Begin PBXProject section */
		DA3FF25B22DFEDA3001FA485 /* Project object */ = {
			isa = PBXProject;
			attributes = {
				LastUpgradeCheck = 1020;
				ORGANIZATIONNAME = "Daniel Peach";
				TargetAttributes = {
					DA3FF26222DFEDA3001FA485 = {
						CreatedOnToolsVersion = 10.2.1;
					};
				};
			};
			buildConfigurationList = DA3FF25E22DFEDA3001FA485 /* Build configuration list for PBXProject "menu" */;
			compatibilityVersion = "Xcode 9.3";
			developmentRegion = en;
			hasScannedForEncodings = 0;
			knownRegions = (
				en,
			);
			mainGroup = DA3FF25A22DFEDA3001FA485;
			productRefGroup = DA3FF26422DFEDA3001FA485 /* Products */;
			projectDirPath = "";
			projectRoot = "";
			targets = (
				DA3FF26222DFEDA3001FA485 /* menu */,
			);
		};
/* End PBXProject section */

/* Begin PBXSourcesBuildPhase section */
		DA3FF25F22DFEDA3001FA485 /* Sources */ = {
			isa = PBXSourcesBuildPhase;
			buildActionMask = 2147483647;
			files = (
				DADC8D8A22F913A800CC4CCD /* AssetManager.cpp in Sources */,
				DA3FF26722DFEDA3001FA485 /* main.cpp in Sources */,
				DADC8D8922F913A800CC4CCD /* EventManager.cpp in Sources */,
				DADC8D9D22FA616500CC4CCD /* State_DIYACMenu.cpp in Sources */,
				DADC8D8722F913A800CC4CCD /* Window.cpp in Sources */,
				DADC8D8622F913A800CC4CCD /* DIYACMenu.cpp in Sources */,
				DA8A194522FE564C0005ACA3 /* State_Instructions.cpp in Sources */,
				DA8A194222FE56170005ACA3 /* State_Alert.cpp in Sources */,
				DADC8D8E22F9147E00CC4CCD /* EntityManager.cpp in Sources */,
				DADC8D8822F913A800CC4CCD /* StateMachine.cpp in Sources */,
			);
			runOnlyForDeploymentPostprocessing = 0;
		};
/* End PBXSourcesBuildPhase section */

/* Begin XCBuildConfiguration section */
		DA3FF26822DFEDA3001FA485 /* Debug */ = {
			isa = XCBuildConfiguration;
			buildSettings = {
				ALWAYS_SEARCH_USER_PATHS = NO;
				CLANG_ANALYZER_NONNULL = YES;
				CLANG_ANALYZER_NUMBER_OBJECT_CONVERSION = YES_AGGRESSIVE;
				CLANG_CXX_LANGUAGE_STANDARD = "gnu++14";
				CLANG_CXX_LIBRARY = "libc++";
				CLANG_ENABLE_MODULES = YES;
				CLANG_ENABLE_OBJC_ARC = YES;
				CLANG_ENABLE_OBJC_WEAK = YES;
				CLANG_WARN_BLOCK_CAPTURE_AUTORELEASING = YES;
				CLANG_WARN_BOOL_CONVERSION = YES;
				CLANG_WARN_COMMA = YES;
				CLANG_WARN_CONSTANT_CONVERSION = YES;
				CLANG_WARN_DEPRECATED_OBJC_IMPLEMENTATIONS = YES;
				CLANG_WARN_DIRECT_OBJC_ISA_USAGE = YES_ERROR;
				CLANG_WARN_DOCUMENTATION_COMMENTS = YES;
				CLANG_WARN_EMPTY_BODY = YES;
				CLANG_WARN_ENUM_CONVERSION = YES;
				CLANG_WARN_INFINITE_RECURSION = YES;
				CLANG_WARN_INT_CONVERSION = YES;
				CLANG_WARN_NON_LITERAL_NULL_CONVERSION = YES;
				CLANG_WARN_OBJC_IMPLICIT_RETAIN_SELF = YES;
				CLANG_WARN_OBJC_LITERAL_CONVERSION = YES;
				CLANG_WARN_OBJC_ROOT_CLASS = YES_ERROR;
				CLANG_WARN_RANGE_LOOP_ANALYSIS = YES;
				CLANG_WARN_STRICT_PROTOTYPES = YES;
				CLANG_WARN_SUSPICIOUS_MOVE = YES;
				CLANG_WARN_UNGUARDED_AVAILABILITY = YES_AGGRESSIVE;
				CLANG_WARN_UNREACHABLE_CODE = YES;
				CLANG_WARN__DUPLICATE_METHOD_MATCH = YES;
				CODE_SIGN_IDENTITY = "Mac Developer";
				COPY_PHASE_STRIP = NO;
				DEBUG_INFORMATION_FORMAT = dwarf;
				ENABLE_STRICT_OBJC_MSGSEND = YES;
				ENABLE_TESTABILITY = YES;
				GCC_C_LANGUAGE_STANDARD = gnu11;
				GCC_DYNAMIC_NO_PIC = NO;
				GCC_NO_COMMON_BLOCKS = YES;
				GCC_OPTIMIZATION_LEVEL = 0;
				GCC_PREPROCESSOR_DEFINITIONS = (
					"DEBUG=1",
					"$(inherited)",
				);
				GCC_WARN_64_TO_32_BIT_CONVERSION = YES;
				GCC_WARN_ABOUT_RETURN_TYPE = YES_ERROR;
				GCC_WARN_UNDECLARED_SELECTOR = YES;
				GCC_WARN_UNINITIALIZED_AUTOS = YES_AGGRESSIVE;
				GCC_WARN_UNUSED_FUNCTION = YES;
				GCC_WARN_UNUSED_VARIABLE = YES;
				MACOSX_DEPLOYMENT_TARGET = 10.14;
				MTL_ENABLE_DEBUG_INFO = INCLUDE_SOURCE;
				MTL_FAST_MATH = YES;
				ONLY_ACTIVE_ARCH = YES;
				SDKROOT = macosx;
			};
			name = Debug;
		};
		DA3FF26922DFEDA3001FA485 /* Release */ = {
			isa = XCBuildConfiguration;
			buildSettings = {
				ALWAYS_SEARCH_USER_PATHS = NO;
				CLANG_ANALYZER_NONNULL = YES;
				CLANG_ANALYZER_NUMBER_OBJECT_CONVERSION = YES_AGGRESSIVE;
				CLANG_CXX_LANGUAGE_STANDARD = "gnu++14";
				CLANG_CXX_LIBRARY = "libc++";
				CLANG_ENABLE_MODULES = YES;
				CLANG_ENABLE_OBJC_ARC = YES;
				CLANG_ENABLE_OBJC_WEAK = YES;
				CLANG_WARN_BLOCK_CAPTURE_AUTORELEASING = YES;
				CLANG_WARN_BOOL_CONVERSION = YES;
				CLANG_WARN_COMMA = YES;
				CLANG_WARN_CONSTANT_CONVERSION = YES;
				CLANG_WARN_DEPRECATED_OBJC_IMPLEMENTATIONS = YES;
				CLANG_WARN_DIRECT_OBJC_ISA_USAGE = YES_ERROR;
				CLANG_WARN_DOCUMENTATION_COMMENTS = YES;
				CLANG_WARN_EMPTY_BODY = YES;
				CLANG_WARN_ENUM_CONVERSION = YES;
				CLANG_WARN_INFINITE_RECURSION = YES;
				CLANG_WARN_INT_CONVERSION = YES;
				CLANG_WARN_NON_LITERAL_NULL_CONVERSION = YES;
				CLANG_WARN_OBJC_IMPLICIT_RETAIN_SELF = YES;
				CLANG_WARN_OBJC_LITERAL_CONVERSION = YES;
				CLANG_WARN_OBJC_ROOT_CLASS = YES_ERROR;
				CLANG_WARN_RANGE_LOOP_ANALYSIS = YES;
				CLANG_WARN_STRICT_PROTOTYPES = YES;
				CLANG_WARN_SUSPICIOUS_MOVE = YES;
				CLANG_WARN_UNGUARDED_AVAILABILITY = YES_AGGRESSIVE;
				CLANG_WARN_UNREACHABLE_CODE = YES;
				CLANG_WARN__DUPLICATE_METHOD_MATCH = YES;
				CODE_SIGN_IDENTITY = "Mac Developer";
				COPY_PHASE_STRIP = NO;
				DEBUG_INFORMATION_FORMAT = "dwarf-with-dsym";
				ENABLE_NS_ASSERTIONS = NO;
				ENABLE_STRICT_OBJC_MSGSEND = YES;
				GCC_C_LANGUAGE_STANDARD = gnu11;
				GCC_NO_COMMON_BLOCKS = YES;
				GCC_WARN_64_TO_32_BIT_CONVERSION = YES;
				GCC_WARN_ABOUT_RETURN_TYPE = YES_ERROR;
				GCC_WARN_UNDECLARED_SELECTOR = YES;
				GCC_WARN_UNINITIALIZED_AUTOS = YES_AGGRESSIVE;
				GCC_WARN_UNUSED_FUNCTION = YES;
				GCC_WARN_UNUSED_VARIABLE = YES;
				MACOSX_DEPLOYMENT_TARGET = 10.14;
				MTL_ENABLE_DEBUG_INFO = NO;
				MTL_FAST_MATH = YES;
				SDKROOT = macosx;
			};
			name = Release;
		};
		DA3FF26B22DFEDA3001FA485 /* Debug */ = {
			isa = XCBuildConfiguration;
			buildSettings = {
				CODE_SIGN_STYLE = Automatic;
				DEVELOPMENT_TEAM = 4262P57PZB;
				GCC_NO_COMMON_BLOCKS = NO;
				HEADER_SEARCH_PATHS = /usr/local/include;
				LIBRARY_SEARCH_PATHS = (
					"$(inherited)",
					/usr/local/Cellar/sfml/2.5.1/lib,
				);
				PRODUCT_NAME = "$(TARGET_NAME)";
			};
			name = Debug;
		};
		DA3FF26C22DFEDA3001FA485 /* Release */ = {
			isa = XCBuildConfiguration;
			buildSettings = {
				CODE_SIGN_STYLE = Automatic;
				DEVELOPMENT_TEAM = 4262P57PZB;
				GCC_NO_COMMON_BLOCKS = NO;
				HEADER_SEARCH_PATHS = /usr/local/include;
				LIBRARY_SEARCH_PATHS = (
					"$(inherited)",
					/usr/local/Cellar/sfml/2.5.1/lib,
				);
				PRODUCT_NAME = "$(TARGET_NAME)";
			};
			name = Release;
		};
/* End XCBuildConfiguration section */

/* Begin XCConfigurationList section */
		DA3FF25E22DFEDA3001FA485 /* Build configuration list for PBXProject "menu" */ = {
			isa = XCConfigurationList;
			buildConfigurations = (
				DA3FF26822DFEDA3001FA485 /* Debug */,
				DA3FF26922DFEDA3001FA485 /* Release */,
			);
			defaultConfigurationIsVisible = 0;
			defaultConfigurationName = Release;
		};
		DA3FF26A22DFEDA3001FA485 /* Build configuration list for PBXNativeTarget "menu" */ = {
			isa = XCConfigurationList;
			buildConfigurations = (
				DA3FF26B22DFEDA3001FA485 /* Debug */,
				DA3FF26C22DFEDA3001FA485 /* Release */,
			);
			defaultConfigurationIsVisible = 0;
			defaultConfigurationName = Release;
		};
/* End XCConfigurationList section */
	};
	rootObject = DA3FF25B22DFEDA3001FA485 /* Project object */;
}
